
Microsoft Visual Studio Solution File, Format Version 12.00
# Visual Studio 14
VisualStudioVersion = 14.0.25420.1
MinimumVisualStudioVersion = 10.0.40219.1
Project("{FAE04EC0-301F-11D3-BF4B-00C04F79EFBC}") = "Client", "Client\Client.csproj", "{7AD735F5-A076-44D2-97EC-02ECAD827001}"
EndProject
Project("{FAE04EC0-301F-11D3-BF4B-00C04F79EFBC}") = "Server", "Server\Server.csproj", "{F8BC0417-2D6C-4B57-BC87-787B10EF7950}"
	ProjectSection(ProjectDependencies) = postProject
		{7AD735F5-A076-44D2-97EC-02ECAD827001} = {7AD735F5-A076-44D2-97EC-02ECAD827001}
	EndProjectSection
EndProject
Project("{FAE04EC0-301F-11D3-BF4B-00C04F79EFBC}") = "Common", "Common\Common.csproj", "{423C5A4B-EA79-450D-BD86-5B46141D58D1}"
EndProject
Project("{FAE04EC0-301F-11D3-BF4B-00C04F79EFBC}") = "ServerTester", "ServerTester\ServerTester.csproj", "{9D4EA3B2-28B4-4506-B482-CE95618FC897}"
	ProjectSection(ProjectDependencies) = postProject
		{F8BC0417-2D6C-4B57-BC87-787B10EF7950} = {F8BC0417-2D6C-4B57-BC87-787B10EF7950}
	EndProjectSection
EndProject
Global
	GlobalSection(SolutionConfigurationPlatforms) = preSolution
		Debug|Any CPU = Debug|Any CPU
		DebugCompileOnly|Any CPU = DebugCompileOnly|Any CPU
		Release|Any CPU = Release|Any CPU
	EndGlobalSection
	GlobalSection(ProjectConfigurationPlatforms) = postSolution
		{7AD735F5-A076-44D2-97EC-02ECAD827001}.Debug|Any CPU.ActiveCfg = Debug|Any CPU
		{7AD735F5-A076-44D2-97EC-02ECAD827001}.Debug|Any CPU.Build.0 = Debug|Any CPU
		{7AD735F5-A076-44D2-97EC-02ECAD827001}.DebugCompileOnly|Any CPU.ActiveCfg = DebugCompileOnly|Any CPU
		{7AD735F5-A076-44D2-97EC-02ECAD827001}.DebugCompileOnly|Any CPU.Build.0 = DebugCompileOnly|Any CPU
		{7AD735F5-A076-44D2-97EC-02ECAD827001}.Release|Any CPU.ActiveCfg = Release|Any CPU
		{7AD735F5-A076-44D2-97EC-02ECAD827001}.Release|Any CPU.Build.0 = Release|Any CPU
		{F8BC0417-2D6C-4B57-BC87-787B10EF7950}.Debug|Any CPU.ActiveCfg = Debug|Any CPU
		{F8BC0417-2D6C-4B57-BC87-787B10EF7950}.Debug|Any CPU.Build.0 = Debug|Any CPU
		{F8BC0417-2D6C-4B57-BC87-787B10EF7950}.DebugCompileOnly|Any CPU.ActiveCfg = DebugCompileOnly|Any CPU
		{F8BC0417-2D6C-4B57-BC87-787B10EF7950}.DebugCompileOnly|Any CPU.Build.0 = DebugCompileOnly|Any CPU
		{F8BC0417-2D6C-4B57-BC87-787B10EF7950}.Release|Any CPU.ActiveCfg = Release|Any CPU
		{F8BC0417-2D6C-4B57-BC87-787B10EF7950}.Release|Any CPU.Build.0 = Release|Any CPU
		{423C5A4B-EA79-450D-BD86-5B46141D58D1}.Debug|Any CPU.ActiveCfg = Debug|Any CPU
		{423C5A4B-EA79-450D-BD86-5B46141D58D1}.Debug|Any CPU.Build.0 = Debug|Any CPU
		{423C5A4B-EA79-450D-BD86-5B46141D58D1}.DebugCompileOnly|Any CPU.ActiveCfg = DebugCompileOnly|Any CPU
		{423C5A4B-EA79-450D-BD86-5B46141D58D1}.DebugCompileOnly|Any CPU.Build.0 = DebugCompileOnly|Any CPU
		{423C5A4B-EA79-450D-BD86-5B46141D58D1}.Release|Any CPU.ActiveCfg = Release|Any CPU
		{423C5A4B-EA79-450D-BD86-5B46141D58D1}.Release|Any CPU.Build.0 = Release|Any CPU
		{9D4EA3B2-28B4-4506-B482-CE95618FC897}.Debug|Any CPU.ActiveCfg = Debug|Any CPU
		{9D4EA3B2-28B4-4506-B482-CE95618FC897}.Debug|Any CPU.Build.0 = Debug|Any CPU
		{9D4EA3B2-28B4-4506-B482-CE95618FC897}.DebugCompileOnly|Any CPU.ActiveCfg = DebugCompileOnly|Any CPU
		{9D4EA3B2-28B4-4506-B482-CE95618FC897}.DebugCompileOnly|Any CPU.Build.0 = DebugCompileOnly|Any CPU
		{9D4EA3B2-28B4-4506-B482-CE95618FC897}.Release|Any CPU.ActiveCfg = Release|Any CPU
		{9D4EA3B2-28B4-4506-B482-CE95618FC897}.Release|Any CPU.Build.0 = Release|Any CPU
	EndGlobalSection
	GlobalSection(SolutionProperties) = preSolution
		HideSolutionNode = FALSE
	EndGlobalSection
	GlobalSection(MonoDevelopProperties) = preSolution
		StartupItem = Server\Server.csproj
	EndGlobalSection
EndGlobal
