
Microsoft Visual Studio Solution File, Format Version 12.00
# Visual Studio Version 17
VisualStudioVersion = 17.2.32505.173
MinimumVisualStudioVersion = 10.0.40219.1
Project("{2150E333-8FDC-42A3-9474-1A3956D46DE8}") = "Solution Items", "Solution Items", "{88E68F19-FEE3-4CA6-A371-7FC043D3C906}"
	ProjectSection(SolutionItems) = preProject
		.editorconfig = .editorconfig
		appveyor.yml = appveyor.yml
		appveyor_discord.ps = appveyor_discord.ps
		Scripts\CopyToKSPDirectory.bat = Scripts\CopyToKSPDirectory.bat
		Dockerfile_MasterServer = Dockerfile_MasterServer
		Dockerfile_Server = Dockerfile_Server
		LMP Readme.txt = LMP Readme.txt
		LunaMultiplayer.version = LunaMultiplayer.version
		Postman_Release.txt = Postman_Release.txt
		README.md = README.md
		Scripts\SetDirectories.bat = Scripts\SetDirectories.bat
	EndProjectSection
EndProject
Project("{2150E333-8FDC-42A3-9474-1A3956D46DE8}") = "Common projects", "Common projects", "{C2D6F2FF-CA1B-450B-87E6-78CA6510952A}"
EndProject
Project("{2150E333-8FDC-42A3-9474-1A3956D46DE8}") = "LMP Server", "LMP Server", "{D438F6D8-A5FB-4C11-83F9-CBB34BDF123F}"
EndProject
Project("{2150E333-8FDC-42A3-9474-1A3956D46DE8}") = "LMP MasterServer", "LMP MasterServer", "{36350310-DD1E-4EA0-A4AE-95A959EAC386}"
	ProjectSection(SolutionItems) = preProject
		MasterServersList\BannedIpList.txt = MasterServersList\BannedIpList.txt
		MasterServersList\DedicatedServersList.txt = MasterServersList\DedicatedServersList.txt
		MasterServersList\MasterServersList.txt = MasterServersList\MasterServersList.txt
	EndProjectSection
EndProject
Project("{2150E333-8FDC-42A3-9474-1A3956D46DE8}") = "LMP Client", "LMP Client", "{30A93EE1-4800-4120-969C-988400F69B8D}"
EndProject
Project("{2150E333-8FDC-42A3-9474-1A3956D46DE8}") = "External", "External", "{622BED4E-ABB5-4F18-802A-E76D36EF47BF}"
EndProject
Project("{9A19103F-16F7-4668-BE54-9A1E7A4F7556}") = "uhttpsharp", "uhttpsharp\uhttpsharp.csproj", "{3D681959-4DA3-4A71-A68B-704D6411D5EA}"
EndProject
Project("{FAE04EC0-301F-11D3-BF4B-00C04F79EFBC}") = "LmpCommonTest", "LmpCommonTest\LmpCommonTest.csproj", "{7B496412-5859-4C6C-9EB7-A09CD7C1F78D}"
EndProject
Project("{2150E333-8FDC-42A3-9474-1A3956D46DE8}") = "Tests", "Tests", "{509D8FF1-AEB0-4345-958B-44D926911462}"
EndProject
Project("{FAE04EC0-301F-11D3-BF4B-00C04F79EFBC}") = "LmpClient", "LmpClient\LmpClient.csproj", "{7AD735F5-A076-44D2-97EC-02ECAD827001}"
EndProject
Project("{9A19103F-16F7-4668-BE54-9A1E7A4F7556}") = "Server", "Server\Server.csproj", "{B2A95B68-1FD9-4917-B661-27E0E7B44048}"
EndProject
Project("{9A19103F-16F7-4668-BE54-9A1E7A4F7556}") = "LmpUpdater", "LmpUpdater\LmpUpdater.csproj", "{437EC4B0-C1B8-48AC-9F98-2C76F9EDE65F}"
EndProject
Project("{FAE04EC0-301F-11D3-BF4B-00C04F79EFBC}") = "MasterServer", "MasterServer\MasterServer.csproj", "{776706B0-F5A1-43A5-B13A-1ADA5E77D0A5}"
EndProject
Project("{D954291E-2A0B-460D-934E-DC6B0785DB48}") = "LmpCommon", "LmpCommon\LmpCommon.shproj", "{D4832184-1A94-4FFC-8D4C-3E3214F109F1}"
EndProject
Project("{D954291E-2A0B-460D-934E-DC6B0785DB48}") = "LmpGlobal", "LmpGlobal\LmpGlobal.shproj", "{D558A5A6-3FAE-4628-8D37-6DAE155B645D}"
EndProject
Project("{FAE04EC0-301F-11D3-BF4B-00C04F79EFBC}") = "LmpMasterServer", "LmpMasterServer\LmpMasterServer.csproj", "{13549EDE-D540-47BA-86BC-731BB7DD7BFB}"
EndProject
Project("{9A19103F-16F7-4668-BE54-9A1E7A4F7556}") = "Lidgren.Core", "Lidgren.Core\Lidgren.Core.csproj", "{8629F82E-4F6E-41CF-9ED8-884BDE9A0B1E}"
EndProject
Project("{D954291E-2A0B-460D-934E-DC6B0785DB48}") = "Lidgren", "Lidgren\Lidgren.shproj", "{DE924F66-77BD-474B-922E-399B361CF20B}"
EndProject
Project("{FAE04EC0-301F-11D3-BF4B-00C04F79EFBC}") = "Lidgren.Net", "Lidgren.Net\Lidgren.Net.csproj", "{DCD22705-5F24-4533-98F9-4907CFBBEA54}"
EndProject
Global
	GlobalSection(SolutionConfigurationPlatforms) = preSolution
		Debug|Any CPU = Debug|Any CPU
		Release|Any CPU = Release|Any CPU
	EndGlobalSection
	GlobalSection(ProjectConfigurationPlatforms) = postSolution
		{3D681959-4DA3-4A71-A68B-704D6411D5EA}.Debug|Any CPU.ActiveCfg = Debug|Any CPU
		{3D681959-4DA3-4A71-A68B-704D6411D5EA}.Debug|Any CPU.Build.0 = Debug|Any CPU
		{3D681959-4DA3-4A71-A68B-704D6411D5EA}.Release|Any CPU.ActiveCfg = Release|Any CPU
		{3D681959-4DA3-4A71-A68B-704D6411D5EA}.Release|Any CPU.Build.0 = Release|Any CPU
		{7B496412-5859-4C6C-9EB7-A09CD7C1F78D}.Debug|Any CPU.ActiveCfg = Debug|Any CPU
		{7B496412-5859-4C6C-9EB7-A09CD7C1F78D}.Debug|Any CPU.Build.0 = Debug|Any CPU
		{7B496412-5859-4C6C-9EB7-A09CD7C1F78D}.Release|Any CPU.ActiveCfg = Debug|Any CPU
		{7AD735F5-A076-44D2-97EC-02ECAD827001}.Debug|Any CPU.ActiveCfg = Debug|Any CPU
		{7AD735F5-A076-44D2-97EC-02ECAD827001}.Debug|Any CPU.Build.0 = Debug|Any CPU
		{7AD735F5-A076-44D2-97EC-02ECAD827001}.Release|Any CPU.ActiveCfg = Release|Any CPU
		{7AD735F5-A076-44D2-97EC-02ECAD827001}.Release|Any CPU.Build.0 = Release|Any CPU
		{B2A95B68-1FD9-4917-B661-27E0E7B44048}.Debug|Any CPU.ActiveCfg = Debug|Any CPU
		{B2A95B68-1FD9-4917-B661-27E0E7B44048}.Debug|Any CPU.Build.0 = Debug|Any CPU
		{B2A95B68-1FD9-4917-B661-27E0E7B44048}.Release|Any CPU.ActiveCfg = Release|Any CPU
		{B2A95B68-1FD9-4917-B661-27E0E7B44048}.Release|Any CPU.Build.0 = Release|Any CPU
		{437EC4B0-C1B8-48AC-9F98-2C76F9EDE65F}.Debug|Any CPU.ActiveCfg = Debug|Any CPU
		{437EC4B0-C1B8-48AC-9F98-2C76F9EDE65F}.Debug|Any CPU.Build.0 = Debug|Any CPU
		{437EC4B0-C1B8-48AC-9F98-2C76F9EDE65F}.Release|Any CPU.ActiveCfg = Release|Any CPU
		{437EC4B0-C1B8-48AC-9F98-2C76F9EDE65F}.Release|Any CPU.Build.0 = Release|Any CPU
		{776706B0-F5A1-43A5-B13A-1ADA5E77D0A5}.Debug|Any CPU.ActiveCfg = Debug|Any CPU
		{776706B0-F5A1-43A5-B13A-1ADA5E77D0A5}.Debug|Any CPU.Build.0 = Debug|Any CPU
		{776706B0-F5A1-43A5-B13A-1ADA5E77D0A5}.Release|Any CPU.ActiveCfg = Release|Any CPU
		{776706B0-F5A1-43A5-B13A-1ADA5E77D0A5}.Release|Any CPU.Build.0 = Release|Any CPU
		{13549EDE-D540-47BA-86BC-731BB7DD7BFB}.Debug|Any CPU.ActiveCfg = Debug|Any CPU
		{13549EDE-D540-47BA-86BC-731BB7DD7BFB}.Debug|Any CPU.Build.0 = Debug|Any CPU
		{13549EDE-D540-47BA-86BC-731BB7DD7BFB}.Release|Any CPU.ActiveCfg = Release|Any CPU
		{13549EDE-D540-47BA-86BC-731BB7DD7BFB}.Release|Any CPU.Build.0 = Release|Any CPU
		{8629F82E-4F6E-41CF-9ED8-884BDE9A0B1E}.Debug|Any CPU.ActiveCfg = Debug|Any CPU
		{8629F82E-4F6E-41CF-9ED8-884BDE9A0B1E}.Debug|Any CPU.Build.0 = Debug|Any CPU
		{8629F82E-4F6E-41CF-9ED8-884BDE9A0B1E}.Release|Any CPU.ActiveCfg = Release|Any CPU
		{8629F82E-4F6E-41CF-9ED8-884BDE9A0B1E}.Release|Any CPU.Build.0 = Release|Any CPU
		{DCD22705-5F24-4533-98F9-4907CFBBEA54}.Debug|Any CPU.ActiveCfg = Debug|Any CPU
		{DCD22705-5F24-4533-98F9-4907CFBBEA54}.Debug|Any CPU.Build.0 = Debug|Any CPU
		{DCD22705-5F24-4533-98F9-4907CFBBEA54}.Release|Any CPU.ActiveCfg = Release|Any CPU
		{DCD22705-5F24-4533-98F9-4907CFBBEA54}.Release|Any CPU.Build.0 = Release|Any CPU
	EndGlobalSection
	GlobalSection(SolutionProperties) = preSolution
		HideSolutionNode = FALSE
	EndGlobalSection
	GlobalSection(NestedProjects) = preSolution
		{3D681959-4DA3-4A71-A68B-704D6411D5EA} = {622BED4E-ABB5-4F18-802A-E76D36EF47BF}
		{7B496412-5859-4C6C-9EB7-A09CD7C1F78D} = {509D8FF1-AEB0-4345-958B-44D926911462}
		{7AD735F5-A076-44D2-97EC-02ECAD827001} = {30A93EE1-4800-4120-969C-988400F69B8D}
		{B2A95B68-1FD9-4917-B661-27E0E7B44048} = {D438F6D8-A5FB-4C11-83F9-CBB34BDF123F}
		{437EC4B0-C1B8-48AC-9F98-2C76F9EDE65F} = {C2D6F2FF-CA1B-450B-87E6-78CA6510952A}
		{776706B0-F5A1-43A5-B13A-1ADA5E77D0A5} = {36350310-DD1E-4EA0-A4AE-95A959EAC386}
		{D4832184-1A94-4FFC-8D4C-3E3214F109F1} = {C2D6F2FF-CA1B-450B-87E6-78CA6510952A}
		{D558A5A6-3FAE-4628-8D37-6DAE155B645D} = {622BED4E-ABB5-4F18-802A-E76D36EF47BF}
		{13549EDE-D540-47BA-86BC-731BB7DD7BFB} = {36350310-DD1E-4EA0-A4AE-95A959EAC386}
		{8629F82E-4F6E-41CF-9ED8-884BDE9A0B1E} = {622BED4E-ABB5-4F18-802A-E76D36EF47BF}
		{DE924F66-77BD-474B-922E-399B361CF20B} = {622BED4E-ABB5-4F18-802A-E76D36EF47BF}
		{DCD22705-5F24-4533-98F9-4907CFBBEA54} = {622BED4E-ABB5-4F18-802A-E76D36EF47BF}
	EndGlobalSection
	GlobalSection(ExtensibilityGlobals) = postSolution
		SolutionGuid = {46CE1FFE-A52F-4C6D-8FF1-11B6E792761B}
	EndGlobalSection
	GlobalSection(SharedMSBuildProjectFiles) = preSolution
		LmpCommon\LmpCommon.projitems*{13549ede-d540-47ba-86bc-731bb7dd7bfb}*SharedItemsImports = 4
		LmpGlobal\LmpGlobal.projitems*{13549ede-d540-47ba-86bc-731bb7dd7bfb}*SharedItemsImports = 4
		LmpGlobal\LmpGlobal.projitems*{437ec4b0-c1b8-48ac-9f98-2c76f9ede65f}*SharedItemsImports = 5
		LmpCommon\LmpCommon.projitems*{7ad735f5-a076-44d2-97ec-02ecad827001}*SharedItemsImports = 4
		LmpGlobal\LmpGlobal.projitems*{7ad735f5-a076-44d2-97ec-02ecad827001}*SharedItemsImports = 4
		LmpCommon\LmpCommon.projitems*{7b496412-5859-4c6c-9eb7-a09cd7c1f78d}*SharedItemsImports = 4
		LmpGlobal\LmpGlobal.projitems*{7b496412-5859-4c6c-9eb7-a09cd7c1f78d}*SharedItemsImports = 4
		Lidgren\Lidgren.projitems*{8629f82e-4f6e-41cf-9ed8-884bde9a0b1e}*SharedItemsImports = 5
		LmpCommon\LmpCommon.projitems*{b2a95b68-1fd9-4917-b661-27e0e7b44048}*SharedItemsImports = 5
		LmpCommon\LmpCommon.projitems*{d4832184-1a94-4ffc-8d4c-3e3214f109f1}*SharedItemsImports = 13
		LmpGlobal\LmpGlobal.projitems*{d558a5a6-3fae-4628-8d37-6dae155b645d}*SharedItemsImports = 13
		Lidgren\Lidgren.projitems*{dcd22705-5f24-4533-98f9-4907cfbbea54}*SharedItemsImports = 4
		Lidgren\Lidgren.projitems*{de924f66-77bd-474b-922e-399b361cf20b}*SharedItemsImports = 13
	EndGlobalSection
	GlobalSection(MonoDevelopProperties) = preSolution
		StartupItem = Server\Server.csproj
	EndGlobalSection
EndGlobal
