
Microsoft Visual Studio Solution File, Format Version 12.00
# Visual Studio 15
VisualStudioVersion = 15.0.27004.2010
MinimumVisualStudioVersion = 10.0.40219.1
Project("{FAE04EC0-301F-11D3-BF4B-00C04F79EFBC}") = "Client", "Client\Client.csproj", "{7AD735F5-A076-44D2-97EC-02ECAD827001}"
EndProject
Project("{FAE04EC0-301F-11D3-BF4B-00C04F79EFBC}") = "Common", "Common\Common.csproj", "{423C5A4B-EA79-450D-BD86-5B46141D58D1}"
EndProject
Project("{FAE04EC0-301F-11D3-BF4B-00C04F79EFBC}") = "MasterServer", "MasterServer\MasterServer.csproj", "{776706B0-F5A1-43A5-B13A-1ADA5E77D0A5}"
EndProject
Project("{2150E333-8FDC-42A3-9474-1A3956D46DE8}") = "Solution Items", "Solution Items", "{88E68F19-FEE3-4CA6-A371-7FC043D3C906}"
	ProjectSection(SolutionItems) = preProject
		Scripts\CopyToKSPDirectory.bat = Scripts\CopyToKSPDirectory.bat
		Scripts\SetDirectories.bat = Scripts\SetDirectories.bat
	EndProjectSection
EndProject
Project("{FAE04EC0-301F-11D3-BF4B-00C04F79EFBC}") = "Lidgren.Network", "Lidgren.Network\Lidgren.Network.csproj", "{49BA1C69-6104-41AC-A5D8-B54FA9F696E8}"
EndProject
Project("{2150E333-8FDC-42A3-9474-1A3956D46DE8}") = "Common projects", "Common projects", "{C2D6F2FF-CA1B-450B-87E6-78CA6510952A}"
EndProject
Project("{2150E333-8FDC-42A3-9474-1A3956D46DE8}") = "LMP Server", "LMP Server", "{D438F6D8-A5FB-4C11-83F9-CBB34BDF123F}"
EndProject
Project("{2150E333-8FDC-42A3-9474-1A3956D46DE8}") = "LMP MasterServer", "LMP MasterServer", "{36350310-DD1E-4EA0-A4AE-95A959EAC386}"
EndProject
Project("{FAE04EC0-301F-11D3-BF4B-00C04F79EFBC}") = "LMP.MasterServer", "LMP.MasterServer\LMP.MasterServer.csproj", "{13549EDE-D540-47BA-86BC-731BB7DD7BFB}"
EndProject
Project("{FAE04EC0-301F-11D3-BF4B-00C04F79EFBC}") = "LMP.Tests", "LMP.Tests\LMP.Tests.csproj", "{51F95D0B-C12D-44A2-B390-F29E9491FF8F}"
EndProject
Project("{2150E333-8FDC-42A3-9474-1A3956D46DE8}") = "LMP Client", "LMP Client", "{30A93EE1-4800-4120-969C-988400F69B8D}"
EndProject
Project("{2150E333-8FDC-42A3-9474-1A3956D46DE8}") = "External", "External", "{622BED4E-ABB5-4F18-802A-E76D36EF47BF}"
EndProject
Project("{FAE04EC0-301F-11D3-BF4B-00C04F79EFBC}") = "LunaUpdater", "LunaUpdater\LunaUpdater.csproj", "{35A57B77-236E-492C-B003-1F8FC2F544F3}"
EndProject
Project("{FAE04EC0-301F-11D3-BF4B-00C04F79EFBC}") = "Server", "Server\Server.csproj", "{FA6E9184-E243-49CC-94FA-AC557493B900}"
EndProject
Project("{FAE04EC0-301F-11D3-BF4B-00C04F79EFBC}") = "LmpGlobal", "LmpGlobal\LmpGlobal.csproj", "{92B4486C-6B60-4757-B6F0-50B844D1B2BA}"
EndProject
Project("{FAE04EC0-301F-11D3-BF4B-00C04F79EFBC}") = "System.Threading", "TPL\System.Threading.csproj", "{DCB5D745-525C-46A1-BFC0-E12F87AB6165}"
EndProject
Global
	GlobalSection(SolutionConfigurationPlatforms) = preSolution
		Debug|Any CPU = Debug|Any CPU
		Release|Any CPU = Release|Any CPU
	EndGlobalSection
	GlobalSection(ProjectConfigurationPlatforms) = postSolution
		{7AD735F5-A076-44D2-97EC-02ECAD827001}.Debug|Any CPU.ActiveCfg = Debug|Any CPU
		{7AD735F5-A076-44D2-97EC-02ECAD827001}.Debug|Any CPU.Build.0 = Debug|Any CPU
		{7AD735F5-A076-44D2-97EC-02ECAD827001}.Release|Any CPU.ActiveCfg = Release|Any CPU
		{7AD735F5-A076-44D2-97EC-02ECAD827001}.Release|Any CPU.Build.0 = Release|Any CPU
		{423C5A4B-EA79-450D-BD86-5B46141D58D1}.Debug|Any CPU.ActiveCfg = Debug|Any CPU
		{423C5A4B-EA79-450D-BD86-5B46141D58D1}.Debug|Any CPU.Build.0 = Debug|Any CPU
		{423C5A4B-EA79-450D-BD86-5B46141D58D1}.Release|Any CPU.ActiveCfg = Release|Any CPU
		{423C5A4B-EA79-450D-BD86-5B46141D58D1}.Release|Any CPU.Build.0 = Release|Any CPU
		{776706B0-F5A1-43A5-B13A-1ADA5E77D0A5}.Debug|Any CPU.ActiveCfg = Debug|Any CPU
		{776706B0-F5A1-43A5-B13A-1ADA5E77D0A5}.Debug|Any CPU.Build.0 = Debug|Any CPU
		{776706B0-F5A1-43A5-B13A-1ADA5E77D0A5}.Release|Any CPU.ActiveCfg = Release|Any CPU
		{776706B0-F5A1-43A5-B13A-1ADA5E77D0A5}.Release|Any CPU.Build.0 = Release|Any CPU
		{49BA1C69-6104-41AC-A5D8-B54FA9F696E8}.Debug|Any CPU.ActiveCfg = Debug|Any CPU
		{49BA1C69-6104-41AC-A5D8-B54FA9F696E8}.Debug|Any CPU.Build.0 = Debug|Any CPU
		{49BA1C69-6104-41AC-A5D8-B54FA9F696E8}.Release|Any CPU.ActiveCfg = Release|Any CPU
		{49BA1C69-6104-41AC-A5D8-B54FA9F696E8}.Release|Any CPU.Build.0 = Release|Any CPU
		{13549EDE-D540-47BA-86BC-731BB7DD7BFB}.Debug|Any CPU.ActiveCfg = Debug|Any CPU
		{13549EDE-D540-47BA-86BC-731BB7DD7BFB}.Debug|Any CPU.Build.0 = Debug|Any CPU
		{13549EDE-D540-47BA-86BC-731BB7DD7BFB}.Release|Any CPU.ActiveCfg = Release|Any CPU
		{13549EDE-D540-47BA-86BC-731BB7DD7BFB}.Release|Any CPU.Build.0 = Release|Any CPU
		{51F95D0B-C12D-44A2-B390-F29E9491FF8F}.Debug|Any CPU.ActiveCfg = Debug|Any CPU
		{51F95D0B-C12D-44A2-B390-F29E9491FF8F}.Debug|Any CPU.Build.0 = Debug|Any CPU
		{51F95D0B-C12D-44A2-B390-F29E9491FF8F}.Release|Any CPU.ActiveCfg = Debug|Any CPU
		{35A57B77-236E-492C-B003-1F8FC2F544F3}.Debug|Any CPU.ActiveCfg = Debug|Any CPU
		{35A57B77-236E-492C-B003-1F8FC2F544F3}.Debug|Any CPU.Build.0 = Debug|Any CPU
		{35A57B77-236E-492C-B003-1F8FC2F544F3}.Release|Any CPU.ActiveCfg = Release|Any CPU
		{35A57B77-236E-492C-B003-1F8FC2F544F3}.Release|Any CPU.Build.0 = Release|Any CPU
		{FA6E9184-E243-49CC-94FA-AC557493B900}.Debug|Any CPU.ActiveCfg = Debug|Any CPU
		{FA6E9184-E243-49CC-94FA-AC557493B900}.Debug|Any CPU.Build.0 = Debug|Any CPU
		{FA6E9184-E243-49CC-94FA-AC557493B900}.Release|Any CPU.ActiveCfg = Release|Any CPU
		{FA6E9184-E243-49CC-94FA-AC557493B900}.Release|Any CPU.Build.0 = Release|Any CPU
		{92B4486C-6B60-4757-B6F0-50B844D1B2BA}.Debug|Any CPU.ActiveCfg = Debug|Any CPU
		{92B4486C-6B60-4757-B6F0-50B844D1B2BA}.Debug|Any CPU.Build.0 = Debug|Any CPU
		{92B4486C-6B60-4757-B6F0-50B844D1B2BA}.Release|Any CPU.ActiveCfg = Release|Any CPU
		{92B4486C-6B60-4757-B6F0-50B844D1B2BA}.Release|Any CPU.Build.0 = Release|Any CPU
		{DCB5D745-525C-46A1-BFC0-E12F87AB6165}.Debug|Any CPU.ActiveCfg = Debug|Any CPU
		{DCB5D745-525C-46A1-BFC0-E12F87AB6165}.Debug|Any CPU.Build.0 = Debug|Any CPU
		{DCB5D745-525C-46A1-BFC0-E12F87AB6165}.Release|Any CPU.ActiveCfg = Release|Any CPU
		{DCB5D745-525C-46A1-BFC0-E12F87AB6165}.Release|Any CPU.Build.0 = Release|Any CPU
	EndGlobalSection
	GlobalSection(SolutionProperties) = preSolution
		HideSolutionNode = FALSE
	EndGlobalSection
	GlobalSection(NestedProjects) = preSolution
		{7AD735F5-A076-44D2-97EC-02ECAD827001} = {30A93EE1-4800-4120-969C-988400F69B8D}
		{423C5A4B-EA79-450D-BD86-5B46141D58D1} = {C2D6F2FF-CA1B-450B-87E6-78CA6510952A}
		{776706B0-F5A1-43A5-B13A-1ADA5E77D0A5} = {36350310-DD1E-4EA0-A4AE-95A959EAC386}
		{49BA1C69-6104-41AC-A5D8-B54FA9F696E8} = {622BED4E-ABB5-4F18-802A-E76D36EF47BF}
		{13549EDE-D540-47BA-86BC-731BB7DD7BFB} = {36350310-DD1E-4EA0-A4AE-95A959EAC386}
		{51F95D0B-C12D-44A2-B390-F29E9491FF8F} = {C2D6F2FF-CA1B-450B-87E6-78CA6510952A}
		{35A57B77-236E-492C-B003-1F8FC2F544F3} = {C2D6F2FF-CA1B-450B-87E6-78CA6510952A}
		{FA6E9184-E243-49CC-94FA-AC557493B900} = {D438F6D8-A5FB-4C11-83F9-CBB34BDF123F}
		{92B4486C-6B60-4757-B6F0-50B844D1B2BA} = {C2D6F2FF-CA1B-450B-87E6-78CA6510952A}
		{DCB5D745-525C-46A1-BFC0-E12F87AB6165} = {622BED4E-ABB5-4F18-802A-E76D36EF47BF}
	EndGlobalSection
	GlobalSection(ExtensibilityGlobals) = postSolution
		SolutionGuid = {46CE1FFE-A52F-4C6D-8FF1-11B6E792761B}
	EndGlobalSection
	GlobalSection(MonoDevelopProperties) = preSolution
		StartupItem = Server\Server.csproj
	EndGlobalSection
EndGlobal
